
Microsoft Visual Studio Solution File, Format Version 12.00
# Visual Studio Version 16
VisualStudioVersion = 16.0.30011.22
MinimumVisualStudioVersion = 10.0.40219.1
Project("{FAE04EC0-301F-11D3-BF4B-00C04F79EFBC}") = "HandyHansel", "HandyHansel\HandyHansel.csproj", "{FDBCC506-1CDB-47D4-8C87-844967CF2A1F}"
EndProject
Global
	GlobalSection(SolutionConfigurationPlatforms) = preSolution
		Debug|Any CPU = Debug|Any CPU
		Release|Any CPU = Release|Any CPU
	EndGlobalSection
	GlobalSection(ProjectConfigurationPlatforms) = postSolution
		{FDBCC506-1CDB-47D4-8C87-844967CF2A1F}.Debug|Any CPU.ActiveCfg = Debug|Any CPU
		{FDBCC506-1CDB-47D4-8C87-844967CF2A1F}.Debug|Any CPU.Build.0 = Debug|Any CPU
		{FDBCC506-1CDB-47D4-8C87-844967CF2A1F}.Release|Any CPU.ActiveCfg = Release|Any CPU
		{FDBCC506-1CDB-47D4-8C87-844967CF2A1F}.Release|Any CPU.Build.0 = Release|Any CPU
	EndGlobalSection
	GlobalSection(SolutionProperties) = preSolution
		HideSolutionNode = FALSE
	EndGlobalSection
	GlobalSection(ExtensibilityGlobals) = postSolution
		SolutionGuid = {632AE6C7-953E-4480-B9F2-FE679012B4B9}
	EndGlobalSection
EndGlobal
